
Microsoft Visual Studio Solution File, Format Version 12.00
# Visual Studio Version 17
VisualStudioVersion = 17.8.34511.84
MinimumVisualStudioVersion = 10.0.40219.1
Project("{FAE04EC0-301F-11D3-BF4B-00C04F79EFBC}") = "Praktika№1", "Praktika№1\Praktika№1.csproj", "{AF51E42F-6DFD-4996-97BB-E55BF918D0B2}"
EndProject
Global
	GlobalSection(SolutionConfigurationPlatforms) = preSolution
		Debug|Any CPU = Debug|Any CPU
		Release|Any CPU = Release|Any CPU
	EndGlobalSection
	GlobalSection(ProjectConfigurationPlatforms) = postSolution
		{AF51E42F-6DFD-4996-97BB-E55BF918D0B2}.Debug|Any CPU.ActiveCfg = Debug|Any CPU
		{AF51E42F-6DFD-4996-97BB-E55BF918D0B2}.Debug|Any CPU.Build.0 = Debug|Any CPU
		{AF51E42F-6DFD-4996-97BB-E55BF918D0B2}.Release|Any CPU.ActiveCfg = Release|Any CPU
		{AF51E42F-6DFD-4996-97BB-E55BF918D0B2}.Release|Any CPU.Build.0 = Release|Any CPU
	EndGlobalSection
	GlobalSection(SolutionProperties) = preSolution
		HideSolutionNode = FALSE
	EndGlobalSection
	GlobalSection(ExtensibilityGlobals) = postSolution
		SolutionGuid = {6C7385E0-8E5D-4030-A822-6852F9137375}
	EndGlobalSection
EndGlobal
